
Microsoft Visual Studio Solution File, Format Version 12.00
# Visual Studio 15
VisualStudioVersion = 15.0.27428.2037
MinimumVisualStudioVersion = 10.0.40219.1
Project("{FAE04EC0-301F-11D3-BF4B-00C04F79EFBC}") = "Hospital Management System", "Hospital Management System\Hospital Management System.csproj", "{76563DE1-8983-4728-BF18-F92D8035F55A}"
EndProject
Project("{54435603-DBB4-11D2-8724-00A0C9A8B90C}") = "Hospita Management System", "Hospita Management System\Hospita Management System.vdproj", "{95021686-57FA-40B1-B34B-66864812789E}"
EndProject
Global
	GlobalSection(SolutionConfigurationPlatforms) = preSolution
		Debug|Any CPU = Debug|Any CPU
		Release|Any CPU = Release|Any CPU
	EndGlobalSection
	GlobalSection(ProjectConfigurationPlatforms) = postSolution
		{76563DE1-8983-4728-BF18-F92D8035F55A}.Debug|Any CPU.ActiveCfg = Debug|Any CPU
		{76563DE1-8983-4728-BF18-F92D8035F55A}.Debug|Any CPU.Build.0 = Debug|Any CPU
		{76563DE1-8983-4728-BF18-F92D8035F55A}.Release|Any CPU.ActiveCfg = Release|Any CPU
		{76563DE1-8983-4728-BF18-F92D8035F55A}.Release|Any CPU.Build.0 = Release|Any CPU
		{95021686-57FA-40B1-B34B-66864812789E}.Debug|Any CPU.ActiveCfg = Debug
		{95021686-57FA-40B1-B34B-66864812789E}.Release|Any CPU.ActiveCfg = Release
	EndGlobalSection
	GlobalSection(SolutionProperties) = preSolution
		HideSolutionNode = FALSE
	EndGlobalSection
	GlobalSection(ExtensibilityGlobals) = postSolution
		SolutionGuid = {8600551C-BF02-4881-BCAC-98322359C342}
	EndGlobalSection
EndGlobal
